
Microsoft Visual Studio Solution File, Format Version 12.00
# Visual Studio Version 17
VisualStudioVersion = 17.8.34322.80
MinimumVisualStudioVersion = 10.0.40219.1
Project("{FAE04EC0-301F-11D3-BF4B-00C04F79EFBC}") = "PG2-CityDefense", "PG2-CityDefense\PG2-CityDefense.csproj", "{156F9A2D-A892-4235-9D33-F3C58E4BD707}"
EndProject
Global
	GlobalSection(SolutionConfigurationPlatforms) = preSolution
		Debug|Any CPU = Debug|Any CPU
		Release|Any CPU = Release|Any CPU
	EndGlobalSection
	GlobalSection(ProjectConfigurationPlatforms) = postSolution
		{156F9A2D-A892-4235-9D33-F3C58E4BD707}.Debug|Any CPU.ActiveCfg = Debug|Any CPU
		{156F9A2D-A892-4235-9D33-F3C58E4BD707}.Debug|Any CPU.Build.0 = Debug|Any CPU
		{156F9A2D-A892-4235-9D33-F3C58E4BD707}.Release|Any CPU.ActiveCfg = Release|Any CPU
		{156F9A2D-A892-4235-9D33-F3C58E4BD707}.Release|Any CPU.Build.0 = Release|Any CPU
	EndGlobalSection
	GlobalSection(SolutionProperties) = preSolution
		HideSolutionNode = FALSE
	EndGlobalSection
	GlobalSection(ExtensibilityGlobals) = postSolution
		SolutionGuid = {B89E2B19-8525-4A27-A8CD-0CA753F5F151}
	EndGlobalSection
EndGlobal
